{
  "object": {
    "pins": [
      {
        "package": "NordicDFU",
        "repositoryURL": "https://github.com/NordicSemiconductor/IOS-DFU-Library",
        "state": {
          "branch": null,
          "revision": "9e8be83fdeb27c383fec36726bd54821b785f9a0",
          "version": "4.14.0"
        }
      },
      {
        "package": "ZIPFoundation",
        "repositoryURL": "https://github.com/weichsel/ZIPFoundation",
        "state": {
          "branch": null,
          "revision": "43ec568034b3731101dbf7670765d671c30f54f3",
          "version": "0.9.16"
        }
      }
    ]
  },
  "version": 1
}
